// !$*UTF8*$!
{
	archiveVersion = 1;
	classes = {
	};
	objectVersion = 48;
	objects = {

/* Begin PBXBuildFile section */
		F1A24A0220AAB4360051743D /* AppDelegate.swift in Sources */ = {isa = PBXBuildFile; fileRef = F1A24A0120AAB4360051743D /* AppDelegate.swift */; };
		F1A24A0420AAB4360051743D /* ViewController.swift in Sources */ = {isa = PBXBuildFile; fileRef = F1A24A0320AAB4360051743D /* ViewController.swift */; };
		F1A24A0720AAB4360051743D /* Main.storyboard in Resources */ = {isa = PBXBuildFile; fileRef = F1A24A0520AAB4360051743D /* Main.storyboard */; };
		F1A24A0920AAB4370051743D /* Assets.xcassets in Resources */ = {isa = PBXBuildFile; fileRef = F1A24A0820AAB4370051743D /* Assets.xcassets */; };
		F1A24A0C20AAB4370051743D /* LaunchScreen.storyboard in Resources */ = {isa = PBXBuildFile; fileRef = F1A24A0A20AAB4370051743D /* LaunchScreen.storyboard */; };
		F1A24A1720AAB4370051743D /* MultiplierAutolayoutTests.swift in Sources */ = {isa = PBXBuildFile; fileRef = F1A24A1620AAB4370051743D /* MultiplierAutolayoutTests.swift */; };
		F1A24A2220AAB4370051743D /* MultiplierAutolayoutUITests.swift in Sources */ = {isa = PBXBuildFile; fileRef = F1A24A2120AAB4370051743D /* MultiplierAutolayoutUITests.swift */; };
		F1A24A3020AAE08E0051743D /* image.png in Resources */ = {isa = PBXBuildFile; fileRef = F1A24A2F20AAE08E0051743D /* image.png */; };
		F1A24A3220AAE1090051743D /* swiftpng.png in Resources */ = {isa = PBXBuildFile; fileRef = F1A24A3120AAE1090051743D /* swiftpng.png */; };
/* End PBXBuildFile section */

/* Begin PBXContainerItemProxy section */
		F1A24A1320AAB4370051743D /* PBXContainerItemProxy */ = {
			isa = PBXContainerItemProxy;
			containerPortal = F1A249F620AAB4360051743D /* Project object */;
			proxyType = 1;
			remoteGlobalIDString = F1A249FD20AAB4360051743D;
			remoteInfo = MultiplierAutolayout;
		};
		F1A24A1E20AAB4370051743D /* PBXContainerItemProxy */ = {
			isa = PBXContainerItemProxy;
			containerPortal = F1A249F620AAB4360051743D /* Project object */;
			proxyType = 1;
			remoteGlobalIDString = F1A249FD20AAB4360051743D;
			remoteInfo = MultiplierAutolayout;
		};
/* End PBXContainerItemProxy section */

/* Begin PBXFileReference section */
		F1A249FE20AAB4360051743D /* MultiplierAutolayout.app */ = {isa = PBXFileReference; explicitFileType = wrapper.application; includeInIndex = 0; path = MultiplierAutolayout.app; sourceTree = BUILT_PRODUCTS_DIR; };
		F1A24A0120AAB4360051743D /* AppDelegate.swift */ = {isa = PBXFileReference; lastKnownFileType = sourcecode.swift; path = AppDelegate.swift; sourceTree = "<group>"; };
		F1A24A0320AAB4360051743D /* ViewController.swift */ = {isa = PBXFileReference; lastKnownFileType = sourcecode.swift; path = ViewController.swift; sourceTree = "<group>"; };
		F1A24A0620AAB4360051743D /* Base */ = {isa = PBXFileReference; lastKnownFileType = file.storyboard; name = Base; path = Base.lproj/Main.storyboard; sourceTree = "<group>"; };
		F1A24A0820AAB4370051743D /* Assets.xcassets */ = {isa = PBXFileReference; lastKnownFileType = folder.assetcatalog; path = Assets.xcassets; sourceTree = "<group>"; };
		F1A24A0B20AAB4370051743D /* Base */ = {isa = PBXFileReference; lastKnownFileType = file.storyboard; name = Base; path = Base.lproj/LaunchScreen.storyboard; sourceTree = "<group>"; };
		F1A24A0D20AAB4370051743D /* Info.plist */ = {isa = PBXFileReference; lastKnownFileType = text.plist.xml; path = Info.plist; sourceTree = "<group>"; };
		F1A24A1220AAB4370051743D /* MultiplierAutolayoutTests.xctest */ = {isa = PBXFileReference; explicitFileType = wrapper.cfbundle; includeInIndex = 0; path = MultiplierAutolayoutTests.xctest; sourceTree = BUILT_PRODUCTS_DIR; };
		F1A24A1620AAB4370051743D /* MultiplierAutolayoutTests.swift */ = {isa = PBXFileReference; lastKnownFileType = sourcecode.swift; path = MultiplierAutolayoutTests.swift; sourceTree = "<group>"; };
		F1A24A1820AAB4370051743D /* Info.plist */ = {isa = PBXFileReference; lastKnownFileType = text.plist.xml; path = Info.plist; sourceTree = "<group>"; };
		F1A24A1D20AAB4370051743D /* MultiplierAutolayoutUITests.xctest */ = {isa = PBXFileReference; explicitFileType = wrapper.cfbundle; includeInIndex = 0; path = MultiplierAutolayoutUITests.xctest; sourceTree = BUILT_PRODUCTS_DIR; };
		F1A24A2120AAB4370051743D /* MultiplierAutolayoutUITests.swift */ = {isa = PBXFileReference; lastKnownFileType = sourcecode.swift; path = MultiplierAutolayoutUITests.swift; sourceTree = "<group>"; };
		F1A24A2320AAB4370051743D /* Info.plist */ = {isa = PBXFileReference; lastKnownFileType = text.plist.xml; path = Info.plist; sourceTree = "<group>"; };
		F1A24A2F20AAE08E0051743D /* image.png */ = {isa = PBXFileReference; lastKnownFileType = image.png; path = image.png; sourceTree = "<group>"; };
		F1A24A3120AAE1090051743D /* swiftpng.png */ = {isa = PBXFileReference; lastKnownFileType = image.png; path = swiftpng.png; sourceTree = "<group>"; };
/* End PBXFileReference section */

/* Begin PBXFrameworksBuildPhase section */
		F1A249FB20AAB4360051743D /* Frameworks */ = {
			isa = PBXFrameworksBuildPhase;
			buildActionMask = 2147483647;
			files = (
			);
			runOnlyForDeploymentPostprocessing = 0;
		};
		F1A24A0F20AAB4370051743D /* Frameworks */ = {
			isa = PBXFrameworksBuildPhase;
			buildActionMask = 2147483647;
			files = (
			);
			runOnlyForDeploymentPostprocessing = 0;
		};
		F1A24A1A20AAB4370051743D /* Frameworks */ = {
			isa = PBXFrameworksBuildPhase;
			buildActionMask = 2147483647;
			files = (
			);
			runOnlyForDeploymentPostprocessing = 0;
		};
/* End PBXFrameworksBuildPhase section */

/* Begin PBXGroup section */
		F1A249F520AAB4360051743D = {
			isa = PBXGroup;
			children = (
				F1A24A0020AAB4360051743D /* MultiplierAutolayout */,
				F1A24A1520AAB4370051743D /* MultiplierAutolayoutTests */,
				F1A24A2020AAB4370051743D /* MultiplierAutolayoutUITests */,
				F1A249FF20AAB4360051743D /* Products */,
			);
			sourceTree = "<group>";
		};
		F1A249FF20AAB4360051743D /* Products */ = {
			isa = PBXGroup;
			children = (
				F1A249FE20AAB4360051743D /* MultiplierAutolayout.app */,
				F1A24A1220AAB4370051743D /* MultiplierAutolayoutTests.xctest */,
				F1A24A1D20AAB4370051743D /* MultiplierAutolayoutUITests.xctest */,
			);
			name = Products;
			sourceTree = "<group>";
		};
		F1A24A0020AAB4360051743D /* MultiplierAutolayout */ = {
			isa = PBXGroup;
			children = (
				F1A24A0120AAB4360051743D /* AppDelegate.swift */,
				F1A24A0320AAB4360051743D /* ViewController.swift */,
				F1A24A3120AAE1090051743D /* swiftpng.png */,
				F1A24A2F20AAE08E0051743D /* image.png */,
				F1A24A0520AAB4360051743D /* Main.storyboard */,
				F1A24A0820AAB4370051743D /* Assets.xcassets */,
				F1A24A0A20AAB4370051743D /* LaunchScreen.storyboard */,
				F1A24A0D20AAB4370051743D /* Info.plist */,
			);
			path = MultiplierAutolayout;
			sourceTree = "<group>";
		};
		F1A24A1520AAB4370051743D /* MultiplierAutolayoutTests */ = {
			isa = PBXGroup;
			children = (
				F1A24A1620AAB4370051743D /* MultiplierAutolayoutTests.swift */,
				F1A24A1820AAB4370051743D /* Info.plist */,
			);
			path = MultiplierAutolayoutTests;
			sourceTree = "<group>";
		};
		F1A24A2020AAB4370051743D /* MultiplierAutolayoutUITests */ = {
			isa = PBXGroup;
			children = (
				F1A24A2120AAB4370051743D /* MultiplierAutolayoutUITests.swift */,
				F1A24A2320AAB4370051743D /* Info.plist */,
			);
			path = MultiplierAutolayoutUITests;
			sourceTree = "<group>";
		};
/* End PBXGroup section */

/* Begin PBXNativeTarget section */
		F1A249FD20AAB4360051743D /* MultiplierAutolayout */ = {
			isa = PBXNativeTarget;
			buildConfigurationList = F1A24A2620AAB4370051743D /* Build configuration list for PBXNativeTarget "MultiplierAutolayout" */;
			buildPhases = (
				F1A249FA20AAB4360051743D /* Sources */,
				F1A249FB20AAB4360051743D /* Frameworks */,
				F1A249FC20AAB4360051743D /* Resources */,
			);
			buildRules = (
			);
			dependencies = (
			);
			name = MultiplierAutolayout;
			productName = MultiplierAutolayout;
			productReference = F1A249FE20AAB4360051743D /* MultiplierAutolayout.app */;
			productType = "com.apple.product-type.application";
		};
		F1A24A1120AAB4370051743D /* MultiplierAutolayoutTests */ = {
			isa = PBXNativeTarget;
			buildConfigurationList = F1A24A2920AAB4370051743D /* Build configuration list for PBXNativeTarget "MultiplierAutolayoutTests" */;
			buildPhases = (
				F1A24A0E20AAB4370051743D /* Sources */,
				F1A24A0F20AAB4370051743D /* Frameworks */,
				F1A24A1020AAB4370051743D /* Resources */,
			);
			buildRules = (
			);
			dependencies = (
				F1A24A1420AAB4370051743D /* PBXTargetDependency */,
			);
			name = MultiplierAutolayoutTests;
			productName = MultiplierAutolayoutTests;
			productReference = F1A24A1220AAB4370051743D /* MultiplierAutolayoutTests.xctest */;
			productType = "com.apple.product-type.bundle.unit-test";
		};
		F1A24A1C20AAB4370051743D /* MultiplierAutolayoutUITests */ = {
			isa = PBXNativeTarget;
			buildConfigurationList = F1A24A2C20AAB4370051743D /* Build configuration list for PBXNativeTarget "MultiplierAutolayoutUITests" */;
			buildPhases = (
				F1A24A1920AAB4370051743D /* Sources */,
				F1A24A1A20AAB4370051743D /* Frameworks */,
				F1A24A1B20AAB4370051743D /* Resources */,
			);
			buildRules = (
			);
			dependencies = (
				F1A24A1F20AAB4370051743D /* PBXTargetDependency */,
			);
			name = MultiplierAutolayoutUITests;
			productName = MultiplierAutolayoutUITests;
			productReference = F1A24A1D20AAB4370051743D /* MultiplierAutolayoutUITests.xctest */;
			productType = "com.apple.product-type.bundle.ui-testing";
		};
/* End PBXNativeTarget section */

/* Begin PBXProject section */
		F1A249F620AAB4360051743D /* Project object */ = {
			isa = PBXProject;
			attributes = {
				LastSwiftUpdateCheck = 0920;
				LastUpgradeCheck = 0920;
				ORGANIZATIONNAME = infostretch;
				TargetAttributes = {
					F1A249FD20AAB4360051743D = {
						CreatedOnToolsVersion = 9.2;
						ProvisioningStyle = Automatic;
					};
					F1A24A1120AAB4370051743D = {
						CreatedOnToolsVersion = 9.2;
						ProvisioningStyle = Automatic;
						TestTargetID = F1A249FD20AAB4360051743D;
					};
					F1A24A1C20AAB4370051743D = {
						CreatedOnToolsVersion = 9.2;
						ProvisioningStyle = Automatic;
						TestTargetID = F1A249FD20AAB4360051743D;
					};
				};
			};
			buildConfigurationList = F1A249F920AAB4360051743D /* Build configuration list for PBXProject "MultiplierAutolayout" */;
			compatibilityVersion = "Xcode 8.0";
			developmentRegion = en;
			hasScannedForEncodings = 0;
			knownRegions = (
				en,
				Base,
			);
			mainGroup = F1A249F520AAB4360051743D;
			productRefGroup = F1A249FF20AAB4360051743D /* Products */;
			projectDirPath = "";
			projectRoot = "";
			targets = (
				F1A249FD20AAB4360051743D /* MultiplierAutolayout */,
				F1A24A1120AAB4370051743D /* MultiplierAutolayoutTests */,
				F1A24A1C20AAB4370051743D /* MultiplierAutolayoutUITests */,
			);
		};
/* End PBXProject section */

/* Begin PBXResourcesBuildPhase section */
		F1A249FC20AAB4360051743D /* Resources */ = {
			isa = PBXResourcesBuildPhase;
			buildActionMask = 2147483647;
			files = (
				F1A24A0C20AAB4370051743D /* LaunchScreen.storyboard in Resources */,
				F1A24A0920AAB4370051743D /* Assets.xcassets in Resources */,
				F1A24A0720AAB4360051743D /* Main.storyboard in Resources */,
				F1A24A3220AAE1090051743D /* swiftpng.png in Resources */,
				F1A24A3020AAE08E0051743D /* image.png in Resources */,
			);
			runOnlyForDeploymentPostprocessing = 0;
		};
		F1A24A1020AAB4370051743D /* Resources */ = {
			isa = PBXResourcesBuildPhase;
			buildActionMask = 2147483647;
			files = (
			);
			runOnlyForDeploymentPostprocessing = 0;
		};
		F1A24A1B20AAB4370051743D /* Resources */ = {
			isa = PBXResourcesBuildPhase;
			buildActionMask = 2147483647;
			files = (
			);
			runOnlyForDeploymentPostprocessing = 0;
		};
/* End PBXResourcesBuildPhase section */

/* Begin PBXSourcesBuildPhase section */
		F1A249FA20AAB4360051743D /* Sources */ = {
			isa = PBXSourcesBuildPhase;
			buildActionMask = 2147483647;
			files = (
				F1A24A0420AAB4360051743D /* ViewController.swift in Sources */,
				F1A24A0220AAB4360051743D /* AppDelegate.swift in Sources */,
			);
			runOnlyForDeploymentPostprocessing = 0;
		};
		F1A24A0E20AAB4370051743D /* Sources */ = {
			isa = PBXSourcesBuildPhase;
			buildActionMask = 2147483647;
			files = (
				F1A24A1720AAB4370051743D /* MultiplierAutolayoutTests.swift in Sources */,
			);
			runOnlyForDeploymentPostprocessing = 0;
		};
		F1A24A1920AAB4370051743D /* Sources */ = {
			isa = PBXSourcesBuildPhase;
			buildActionMask = 2147483647;
			files = (
				F1A24A2220AAB4370051743D /* MultiplierAutolayoutUITests.swift in Sources */,
			);
			runOnlyForDeploymentPostprocessing = 0;
		};
/* End PBXSourcesBuildPhase section */

/* Begin PBXTargetDependency section */
		F1A24A1420AAB4370051743D /* PBXTargetDependency */ = {
			isa = PBXTargetDependency;
			target = F1A249FD20AAB4360051743D /* MultiplierAutolayout */;
			targetProxy = F1A24A1320AAB4370051743D /* PBXContainerItemProxy */;
		};
		F1A24A1F20AAB4370051743D /* PBXTargetDependency */ = {
			isa = PBXTargetDependency;
			target = F1A249FD20AAB4360051743D /* MultiplierAutolayout */;
			targetProxy = F1A24A1E20AAB4370051743D /* PBXContainerItemProxy */;
		};
/* End PBXTargetDependency section */

/* Begin PBXVariantGroup section */
		F1A24A0520AAB4360051743D /* Main.storyboard */ = {
			isa = PBXVariantGroup;
			children = (
				F1A24A0620AAB4360051743D /* Base */,
			);
			name = Main.storyboard;
			sourceTree = "<group>";
		};
		F1A24A0A20AAB4370051743D /* LaunchScreen.storyboard */ = {
			isa = PBXVariantGroup;
			children = (
				F1A24A0B20AAB4370051743D /* Base */,
			);
			name = LaunchScreen.storyboard;
			sourceTree = "<group>";
		};
/* End PBXVariantGroup section */

/* Begin XCBuildConfiguration section */
		F1A24A2420AAB4370051743D /* Debug */ = {
			isa = XCBuildConfiguration;
			buildSettings = {
				ALWAYS_SEARCH_USER_PATHS = NO;
				CLANG_ANALYZER_NONNULL = YES;
				CLANG_ANALYZER_NUMBER_OBJECT_CONVERSION = YES_AGGRESSIVE;
				CLANG_CXX_LANGUAGE_STANDARD = "gnu++14";
				CLANG_CXX_LIBRARY = "libc++";
				CLANG_ENABLE_MODULES = YES;
				CLANG_ENABLE_OBJC_ARC = YES;
				CLANG_WARN_BLOCK_CAPTURE_AUTORELEASING = YES;
				CLANG_WARN_BOOL_CONVERSION = YES;
				CLANG_WARN_COMMA = YES;
				CLANG_WARN_CONSTANT_CONVERSION = YES;
				CLANG_WARN_DIRECT_OBJC_ISA_USAGE = YES_ERROR;
				CLANG_WARN_DOCUMENTATION_COMMENTS = YES;
				CLANG_WARN_EMPTY_BODY = YES;
				CLANG_WARN_ENUM_CONVERSION = YES;
				CLANG_WARN_INFINITE_RECURSION = YES;
				CLANG_WARN_INT_CONVERSION = YES;
				CLANG_WARN_NON_LITERAL_NULL_CONVERSION = YES;
				CLANG_WARN_OBJC_LITERAL_CONVERSION = YES;
				CLANG_WARN_OBJC_ROOT_CLASS = YES_ERROR;
				CLANG_WARN_RANGE_LOOP_ANALYSIS = YES;
				CLANG_WARN_STRICT_PROTOTYPES = YES;
				CLANG_WARN_SUSPICIOUS_MOVE = YES;
				CLANG_WARN_UNGUARDED_AVAILABILITY = YES_AGGRESSIVE;
				CLANG_WARN_UNREACHABLE_CODE = YES;
				CLANG_WARN__DUPLICATE_METHOD_MATCH = YES;
				CODE_SIGN_IDENTITY = "iPhone Developer";
				COPY_PHASE_STRIP = NO;
				DEBUG_INFORMATION_FORMAT = dwarf;
				ENABLE_STRICT_OBJC_MSGSEND = YES;
				ENABLE_TESTABILITY = YES;
				GCC_C_LANGUAGE_STANDARD = gnu11;
				GCC_DYNAMIC_NO_PIC = NO;
				GCC_NO_COMMON_BLOCKS = YES;
				GCC_OPTIMIZATION_LEVEL = 0;
				GCC_PREPROCESSOR_DEFINITIONS = (
					"DEBUG=1",
					"$(inherited)",
				);
				GCC_WARN_64_TO_32_BIT_CONVERSION = YES;
				GCC_WARN_ABOUT_RETURN_TYPE = YES_ERROR;
				GCC_WARN_UNDECLARED_SELECTOR = YES;
				GCC_WARN_UNINITIALIZED_AUTOS = YES_AGGRESSIVE;
				GCC_WARN_UNUSED_FUNCTION = YES;
				GCC_WARN_UNUSED_VARIABLE = YES;
				IPHONEOS_DEPLOYMENT_TARGET = 11.2;
				MTL_ENABLE_DEBUG_INFO = YES;
				ONLY_ACTIVE_ARCH = YES;
				SDKROOT = iphoneos;
				SWIFT_ACTIVE_COMPILATION_CONDITIONS = DEBUG;
				SWIFT_OPTIMIZATION_LEVEL = "-Onone";
			};
			name = Debug;
		};
		F1A24A2520AAB4370051743D /* Release */ = {
			isa = XCBuildConfiguration;
			buildSettings = {
				ALWAYS_SEARCH_USER_PATHS = NO;
				CLANG_ANALYZER_NONNULL = YES;
				CLANG_ANALYZER_NUMBER_OBJECT_CONVERSION = YES_AGGRESSIVE;
				CLANG_CXX_LANGUAGE_STANDARD = "gnu++14";
				CLANG_CXX_LIBRARY = "libc++";
				CLANG_ENABLE_MODULES = YES;
				CLANG_ENABLE_OBJC_ARC = YES;
				CLANG_WARN_BLOCK_CAPTURE_AUTORELEASING = YES;
				CLANG_WARN_BOOL_CONVERSION = YES;
				CLANG_WARN_COMMA = YES;
				CLANG_WARN_CONSTANT_CONVERSION = YES;
				CLANG_WARN_DIRECT_OBJC_ISA_USAGE = YES_ERROR;
				CLANG_WARN_DOCUMENTATION_COMMENTS = YES;
				CLANG_WARN_EMPTY_BODY = YES;
				CLANG_WARN_ENUM_CONVERSION = YES;
				CLANG_WARN_INFINITE_RECURSION = YES;
				CLANG_WARN_INT_CONVERSION = YES;
				CLANG_WARN_NON_LITERAL_NULL_CONVERSION = YES;
				CLANG_WARN_OBJC_LITERAL_CONVERSION = YES;
				CLANG_WARN_OBJC_ROOT_CLASS = YES_ERROR;
				CLANG_WARN_RANGE_LOOP_ANALYSIS = YES;
				CLANG_WARN_STRICT_PROTOTYPES = YES;
				CLANG_WARN_SUSPICIOUS_MOVE = YES;
				CLANG_WARN_UNGUARDED_AVAILABILITY = YES_AGGRESSIVE;
				CLANG_WARN_UNREACHABLE_CODE = YES;
				CLANG_WARN__DUPLICATE_METHOD_MATCH = YES;
				CODE_SIGN_IDENTITY = "iPhone Developer";
				COPY_PHASE_STRIP = NO;
				DEBUG_INFORMATION_FORMAT = "dwarf-with-dsym";
				ENABLE_NS_ASSERTIONS = NO;
				ENABLE_STRICT_OBJC_MSGSEND = YES;
				GCC_C_LANGUAGE_STANDARD = gnu11;
				GCC_NO_COMMON_BLOCKS = YES;
				GCC_WARN_64_TO_32_BIT_CONVERSION = YES;
				GCC_WARN_ABOUT_RETURN_TYPE = YES_ERROR;
				GCC_WARN_UNDECLARED_SELECTOR = YES;
				GCC_WARN_UNINITIALIZED_AUTOS = YES_AGGRESSIVE;
				GCC_WARN_UNUSED_FUNCTION = YES;
				GCC_WARN_UNUSED_VARIABLE = YES;
				IPHONEOS_DEPLOYMENT_TARGET = 11.2;
				MTL_ENABLE_DEBUG_INFO = NO;
				SDKROOT = iphoneos;
				SWIFT_OPTIMIZATION_LEVEL = "-Owholemodule";
				VALIDATE_PRODUCT = YES;
			};
			name = Release;
		};
		F1A24A2720AAB4370051743D /* Debug */ = {
			isa = XCBuildConfiguration;
			buildSettings = {
				ASSETCATALOG_COMPILER_APPICON_NAME = AppIcon;
				CODE_SIGN_STYLE = Automatic;
				INFOPLIST_FILE = MultiplierAutolayout/Info.plist;
				LD_RUNPATH_SEARCH_PATHS = "$(inherited) @executable_path/Frameworks";
				PRODUCT_BUNDLE_IDENTIFIER = Com.infostretch.MultiplierAutolayout;
				PRODUCT_NAME = "$(TARGET_NAME)";
				SWIFT_VERSION = 4.0;
				TARGETED_DEVICE_FAMILY = "1,2";
			};
			name = Debug;
		};
		F1A24A2820AAB4370051743D /* Release */ = {
			isa = XCBuildConfiguration;
			buildSettings = {
				ASSETCATALOG_COMPILER_APPICON_NAME = AppIcon;
				CODE_SIGN_STYLE = Automatic;
				INFOPLIST_FILE = MultiplierAutolayout/Info.plist;
				LD_RUNPATH_SEARCH_PATHS = "$(inherited) @executable_path/Frameworks";
				PRODUCT_BUNDLE_IDENTIFIER = Com.infostretch.MultiplierAutolayout;
				PRODUCT_NAME = "$(TARGET_NAME)";
				SWIFT_VERSION = 4.0;
				TARGETED_DEVICE_FAMILY = "1,2";
			};
			name = Release;
		};
		F1A24A2A20AAB4370051743D /* Debug */ = {
			isa = XCBuildConfiguration;
			buildSettings = {
				ALWAYS_EMBED_SWIFT_STANDARD_LIBRARIES = YES;
				BUNDLE_LOADER = "$(TEST_HOST)";
				CODE_SIGN_STYLE = Automatic;
				INFOPLIST_FILE = MultiplierAutolayoutTests/Info.plist;
				LD_RUNPATH_SEARCH_PATHS = "$(inherited) @executable_path/Frameworks @loader_path/Frameworks";
				PRODUCT_BUNDLE_IDENTIFIER = Com.infostretch.MultiplierAutolayoutTests;
				PRODUCT_NAME = "$(TARGET_NAME)";
				SWIFT_VERSION = 4.0;
				TARGETED_DEVICE_FAMILY = "1,2";
				TEST_HOST = "$(BUILT_PRODUCTS_DIR)/MultiplierAutolayout.app/MultiplierAutolayout";
			};
			name = Debug;
		};
		F1A24A2B20AAB4370051743D /* Release */ = {
			isa = XCBuildConfiguration;
			buildSettings = {
				ALWAYS_EMBED_SWIFT_STANDARD_LIBRARIES = YES;
				BUNDLE_LOADER = "$(TEST_HOST)";
				CODE_SIGN_STYLE = Automatic;
				INFOPLIST_FILE = MultiplierAutolayoutTests/Info.plist;
				LD_RUNPATH_SEARCH_PATHS = "$(inherited) @executable_path/Frameworks @loader_path/Frameworks";
				PRODUCT_BUNDLE_IDENTIFIER = Com.infostretch.MultiplierAutolayoutTests;
				PRODUCT_NAME = "$(TARGET_NAME)";
				SWIFT_VERSION = 4.0;
				TARGETED_DEVICE_FAMILY = "1,2";
				TEST_HOST = "$(BUILT_PRODUCTS_DIR)/MultiplierAutolayout.app/MultiplierAutolayout";
			};
			name = Release;
		};
		F1A24A2D20AAB4370051743D /* Debug */ = {
			isa = XCBuildConfiguration;
			buildSettings = {
				ALWAYS_EMBED_SWIFT_STANDARD_LIBRARIES = YES;
				CODE_SIGN_STYLE = Automatic;
				INFOPLIST_FILE = MultiplierAutolayoutUITests/Info.plist;
				LD_RUNPATH_SEARCH_PATHS = "$(inherited) @executable_path/Frameworks @loader_path/Frameworks";
				PRODUCT_BUNDLE_IDENTIFIER = Com.infostretch.MultiplierAutolayoutUITests;
				PRODUCT_NAME = "$(TARGET_NAME)";
				SWIFT_VERSION = 4.0;
				TARGETED_DEVICE_FAMILY = "1,2";
				TEST_TARGET_NAME = MultiplierAutolayout;
			};
			name = Debug;
		};
		F1A24A2E20AAB4370051743D /* Release */ = {
			isa = XCBuildConfiguration;
			buildSettings = {
				ALWAYS_EMBED_SWIFT_STANDARD_LIBRARIES = YES;
				CODE_SIGN_STYLE = Automatic;
				INFOPLIST_FILE = MultiplierAutolayoutUITests/Info.plist;
				LD_RUNPATH_SEARCH_PATHS = "$(inherited) @executable_path/Frameworks @loader_path/Frameworks";
				PRODUCT_BUNDLE_IDENTIFIER = Com.infostretch.MultiplierAutolayoutUITests;
				PRODUCT_NAME = "$(TARGET_NAME)";
				SWIFT_VERSION = 4.0;
				TARGETED_DEVICE_FAMILY = "1,2";
				TEST_TARGET_NAME = MultiplierAutolayout;
			};
			name = Release;
		};
/* End XCBuildConfiguration section */

/* Begin XCConfigurationList section */
		F1A249F920AAB4360051743D /* Build configuration list for PBXProject "MultiplierAutolayout" */ = {
			isa = XCConfigurationList;
			buildConfigurations = (
				F1A24A2420AAB4370051743D /* Debug */,
				F1A24A2520AAB4370051743D /* Release */,
			);
			defaultConfigurationIsVisible = 0;
			defaultConfigurationName = Release;
		};
		F1A24A2620AAB4370051743D /* Build configuration list for PBXNativeTarget "MultiplierAutolayout" */ = {
			isa = XCConfigurationList;
			buildConfigurations = (
				F1A24A2720AAB4370051743D /* Debug */,
				F1A24A2820AAB4370051743D /* Release */,
			);
			defaultConfigurationIsVisible = 0;
			defaultConfigurationName = Release;
		};
		F1A24A2920AAB4370051743D /* Build configuration list for PBXNativeTarget "MultiplierAutolayoutTests" */ = {
			isa = XCConfigurationList;
			buildConfigurations = (
				F1A24A2A20AAB4370051743D /* Debug */,
				F1A24A2B20AAB4370051743D /* Release */,
			);
			defaultConfigurationIsVisible = 0;
			defaultConfigurationName = Release;
		};
		F1A24A2C20AAB4370051743D /* Build configuration list for PBXNativeTarget "MultiplierAutolayoutUITests" */ = {
			isa = XCConfigurationList;
			buildConfigurations = (
				F1A24A2D20AAB4370051743D /* Debug */,
				F1A24A2E20AAB4370051743D /* Release */,
			);
			defaultConfigurationIsVisible = 0;
			defaultConfigurationName = Release;
		};
/* End XCConfigurationList section */
	};
	rootObject = F1A249F620AAB4360051743D /* Project object */;
}
